
Microsoft Visual Studio Solution File, Format Version 12.00
# Visual Studio 2012
Project("{FAE04EC0-301F-11D3-BF4B-00C04F79EFBC}") = "N-Server", "CommunicationLayer\N-Server.csproj", "{3587CFFB-275E-41DF-AE70-283186D752C2}"
EndProject
Project("{FAE04EC0-301F-11D3-BF4B-00C04F79EFBC}") = "1-Client", "1-Client\1-Client.csproj", "{C5772880-73E2-4EEE-8777-AEF2FF5793EB}"
EndProject
Global
	GlobalSection(SolutionConfigurationPlatforms) = preSolution
		Debug|Any CPU = Debug|Any CPU
		Release|Any CPU = Release|Any CPU
	EndGlobalSection
	GlobalSection(ProjectConfigurationPlatforms) = postSolution
		{3587CFFB-275E-41DF-AE70-283186D752C2}.Debug|Any CPU.ActiveCfg = Debug|Any CPU
		{3587CFFB-275E-41DF-AE70-283186D752C2}.Debug|Any CPU.Build.0 = Debug|Any CPU
		{3587CFFB-275E-41DF-AE70-283186D752C2}.Release|Any CPU.ActiveCfg = Release|Any CPU
		{3587CFFB-275E-41DF-AE70-283186D752C2}.Release|Any CPU.Build.0 = Release|Any CPU
		{C5772880-73E2-4EEE-8777-AEF2FF5793EB}.Debug|Any CPU.ActiveCfg = Debug|Any CPU
		{C5772880-73E2-4EEE-8777-AEF2FF5793EB}.Debug|Any CPU.Build.0 = Debug|Any CPU
		{C5772880-73E2-4EEE-8777-AEF2FF5793EB}.Release|Any CPU.ActiveCfg = Release|Any CPU
		{C5772880-73E2-4EEE-8777-AEF2FF5793EB}.Release|Any CPU.Build.0 = Release|Any CPU
	EndGlobalSection
	GlobalSection(SolutionProperties) = preSolution
		HideSolutionNode = FALSE
	EndGlobalSection
EndGlobal
